
Microsoft Visual Studio Solution File, Format Version 12.00
Project("{FAE04EC0-301F-11D3-BF4B-00C04F79EFBC}") = "Soat.CleanCoders.Refactoring", "Soat.CleanCoders.Refactoring.csproj", "{1D613A54-69E4-4A77-B018-C6E0D8529D32}"
EndProject
Global
	GlobalSection(SolutionConfigurationPlatforms) = preSolution
		Debug|Any CPU = Debug|Any CPU
		Release|Any CPU = Release|Any CPU
	EndGlobalSection
	GlobalSection(ProjectConfigurationPlatforms) = postSolution
		{1D613A54-69E4-4A77-B018-C6E0D8529D32}.Debug|Any CPU.ActiveCfg = Debug|Any CPU
		{1D613A54-69E4-4A77-B018-C6E0D8529D32}.Debug|Any CPU.Build.0 = Debug|Any CPU
		{1D613A54-69E4-4A77-B018-C6E0D8529D32}.Release|Any CPU.ActiveCfg = Release|Any CPU
		{1D613A54-69E4-4A77-B018-C6E0D8529D32}.Release|Any CPU.Build.0 = Release|Any CPU
	EndGlobalSection
EndGlobal
